
Microsoft Visual Studio Solution File, Format Version 12.00
# Visual Studio Version 16
VisualStudioVersion = 16.0.30309.148
MinimumVisualStudioVersion = 10.0.40219.1
Project("{FAE04EC0-301F-11D3-BF4B-00C04F79EFBC}") = "Question2", "Question2\Question2.csproj", "{B56FC055-7E28-41D3-8E5D-4DDA9BA793F4}"
EndProject
Global
	GlobalSection(SolutionConfigurationPlatforms) = preSolution
		Debug|Any CPU = Debug|Any CPU
		Release|Any CPU = Release|Any CPU
	EndGlobalSection
	GlobalSection(ProjectConfigurationPlatforms) = postSolution
		{B56FC055-7E28-41D3-8E5D-4DDA9BA793F4}.Debug|Any CPU.ActiveCfg = Debug|Any CPU
		{B56FC055-7E28-41D3-8E5D-4DDA9BA793F4}.Debug|Any CPU.Build.0 = Debug|Any CPU
		{B56FC055-7E28-41D3-8E5D-4DDA9BA793F4}.Release|Any CPU.ActiveCfg = Release|Any CPU
		{B56FC055-7E28-41D3-8E5D-4DDA9BA793F4}.Release|Any CPU.Build.0 = Release|Any CPU
	EndGlobalSection
	GlobalSection(SolutionProperties) = preSolution
		HideSolutionNode = FALSE
	EndGlobalSection
	GlobalSection(ExtensibilityGlobals) = postSolution
		SolutionGuid = {C827B460-BD8C-48D2-8520-6C6F2AEAB265}
	EndGlobalSection
EndGlobal
