
Microsoft Visual Studio Solution File, Format Version 12.00
# Visual Studio Version 16
VisualStudioVersion = 16.0.30309.148
MinimumVisualStudioVersion = 10.0.40219.1
Project("{FAE04EC0-301F-11D3-BF4B-00C04F79EFBC}") = "Question5", "Question5\Question5.csproj", "{858F16EB-5D13-4EB5-B079-AA2AE09C2E8C}"
EndProject
Global
	GlobalSection(SolutionConfigurationPlatforms) = preSolution
		Debug|Any CPU = Debug|Any CPU
		Release|Any CPU = Release|Any CPU
	EndGlobalSection
	GlobalSection(ProjectConfigurationPlatforms) = postSolution
		{858F16EB-5D13-4EB5-B079-AA2AE09C2E8C}.Debug|Any CPU.ActiveCfg = Debug|Any CPU
		{858F16EB-5D13-4EB5-B079-AA2AE09C2E8C}.Debug|Any CPU.Build.0 = Debug|Any CPU
		{858F16EB-5D13-4EB5-B079-AA2AE09C2E8C}.Release|Any CPU.ActiveCfg = Release|Any CPU
		{858F16EB-5D13-4EB5-B079-AA2AE09C2E8C}.Release|Any CPU.Build.0 = Release|Any CPU
	EndGlobalSection
	GlobalSection(SolutionProperties) = preSolution
		HideSolutionNode = FALSE
	EndGlobalSection
	GlobalSection(ExtensibilityGlobals) = postSolution
		SolutionGuid = {355618E9-2E91-41BA-BD0D-C56FEB03B90A}
	EndGlobalSection
EndGlobal
